Microsoft Visual Studio Solution File, Format Version 12.00
# Visual Studio Version 17
VisualStudioVersion = 17.5.2.0
MinimumVisualStudioVersion = 10.0.40219.1
Project("{FAE04EC0-301F-11D3-BF4B-00C04F79EFBC}") = "SurveyFunctions", "SurveyFunctions.csproj", "{74BE087E-6BCF-7659-5B94-1A29FEC7B65E}"
EndProject
Global
	GlobalSection(SolutionConfigurationPlatforms) = preSolution
		Debug|Any CPU = Debug|Any CPU
		Release|Any CPU = Release|Any CPU
	EndGlobalSection
	GlobalSection(ProjectConfigurationPlatforms) = postSolution
		{74BE087E-6BCF-7659-5B94-1A29FEC7B65E}.Debug|Any CPU.ActiveCfg = Debug|Any CPU
		{74BE087E-6BCF-7659-5B94-1A29FEC7B65E}.Debug|Any CPU.Build.0 = Debug|Any CPU
		{74BE087E-6BCF-7659-5B94-1A29FEC7B65E}.Release|Any CPU.ActiveCfg = Release|Any CPU
		{74BE087E-6BCF-7659-5B94-1A29FEC7B65E}.Release|Any CPU.Build.0 = Release|Any CPU
	EndGlobalSection
	GlobalSection(SolutionProperties) = preSolution
		HideSolutionNode = FALSE
	EndGlobalSection
	GlobalSection(ExtensibilityGlobals) = postSolution
		SolutionGuid = {BD6CB00A-057D-4A9C-A96E-45CC70CD7DF3}
	EndGlobalSection
EndGlobal
